
Microsoft Visual Studio Solution File, Format Version 12.00
Project("{FAE04EC0-301F-11D3-BF4B-00C04F79EFBC}") = "TrustGuard_API", "TrustGuard_API\TrustGuard_API.csproj", "{D31737DA-4650-4E5D-BFEC-02A827FAAB64}"
EndProject
Global
	GlobalSection(SolutionConfigurationPlatforms) = preSolution
		Debug|Any CPU = Debug|Any CPU
		Release|Any CPU = Release|Any CPU
	EndGlobalSection
	GlobalSection(ProjectConfigurationPlatforms) = postSolution
		{D31737DA-4650-4E5D-BFEC-02A827FAAB64}.Debug|Any CPU.ActiveCfg = Debug|Any CPU
		{D31737DA-4650-4E5D-BFEC-02A827FAAB64}.Debug|Any CPU.Build.0 = Debug|Any CPU
		{D31737DA-4650-4E5D-BFEC-02A827FAAB64}.Release|Any CPU.ActiveCfg = Release|Any CPU
		{D31737DA-4650-4E5D-BFEC-02A827FAAB64}.Release|Any CPU.Build.0 = Release|Any CPU
	EndGlobalSection
EndGlobal
